# THIS IS AN AUTOGENERATED FILE. DO NOT EDIT THIS FILE DIRECTLY.
# yarn lockfile v1


backed@^0.9.0-preview.2, backed@next:
  version "0.9.0-preview.3"
  resolved "https://registry.yarnpkg.com/backed/-/backed-0.9.0-preview.3.tgz#fdd05278484da497839c3d4897e7a44677ba4405"
  dependencies:
    lit-html "^0.5.0"

custom-app-layout@next:
  version "0.9.0-preview.1"
  resolved "https://registry.yarnpkg.com/custom-app-layout/-/custom-app-layout-0.9.0-preview.1.tgz#8adfaaafb252dc04d0f4f8fd7f646814fe142c46"
  dependencies:
    backed "^0.9.0-preview.2"

custom-header@next:
  version "0.9.0-preview.1"
  resolved "https://registry.yarnpkg.com/custom-header/-/custom-header-0.9.0-preview.1.tgz#07b9817647e6ec3cdf5f74f34a9f41ca69030245"
  dependencies:
    backed next

custom-pages@next:
  version "0.9.0-preview"
  resolved "https://registry.yarnpkg.com/custom-pages/-/custom-pages-0.9.0-preview.tgz#408b885556a1e99f473ad1074eee397459facc24"
  dependencies:
    backed "^0.9.0-preview.2"
    custom-select-mixins next

custom-select-mixins@next:
  version "0.9.0-preview.2"
  resolved "https://registry.yarnpkg.com/custom-select-mixins/-/custom-select-mixins-0.9.0-preview.2.tgz#4bd59bb02449b965d7f393f43ba0d0b7d509537f"
  dependencies:
    backed "^0.9.0-preview.2"

lit-html@^0.5.0:
  version "0.5.0"
  resolved "https://registry.yarnpkg.com/lit-html/-/lit-html-0.5.0.tgz#eb2fb1202d16fbae5f9d0879ba487b286d6b8458"
